
Microsoft Visual Studio Solution File, Format Version 12.00
# Visual Studio 15
VisualStudioVersion = 15.0.26730.16
MinimumVisualStudioVersion = 10.0.40219.1
Project("{FAE04EC0-301F-11D3-BF4B-00C04F79EFBC}") = "Brendaim", "Game1\Brendaim.csproj", "{51A8FF49-6D3B-4770-AA5D-6DEC7338295E}"
EndProject
Global
	GlobalSection(SolutionConfigurationPlatforms) = preSolution
		Debug|x86 = Debug|x86
		Release|x86 = Release|x86
	EndGlobalSection
	GlobalSection(ProjectConfigurationPlatforms) = postSolution
		{51A8FF49-6D3B-4770-AA5D-6DEC7338295E}.Debug|x86.ActiveCfg = Debug|x86
		{51A8FF49-6D3B-4770-AA5D-6DEC7338295E}.Debug|x86.Build.0 = Debug|x86
		{51A8FF49-6D3B-4770-AA5D-6DEC7338295E}.Release|x86.ActiveCfg = Release|x86
		{51A8FF49-6D3B-4770-AA5D-6DEC7338295E}.Release|x86.Build.0 = Release|x86
	EndGlobalSection
	GlobalSection(SolutionProperties) = preSolution
		HideSolutionNode = FALSE
	EndGlobalSection
	GlobalSection(ExtensibilityGlobals) = postSolution
		SolutionGuid = {CB04015C-D603-47CA-AB0B-024297D748A5}
	EndGlobalSection
EndGlobal
